
Microsoft Visual Studio Solution File, Format Version 12.00
# Visual Studio 2013
VisualStudioVersion = 12.0.31101.0
MinimumVisualStudioVersion = 10.0.40219.1
Project("{FAE04EC0-301F-11D3-BF4B-00C04F79EFBC}") = "GestionTareas", "GestionTareas\GestionTareas.csproj", "{D124DDEB-1151-4A28-AFE6-5C0036CBCE04}"
EndProject
Project("{FAE04EC0-301F-11D3-BF4B-00C04F79EFBC}") = "GestionTareasWeb", "GestionTareasWeb\GestionTareasWeb.csproj", "{5774F4C5-E13A-4EFC-BF0C-6E9BE4D0C5EB}"
EndProject
Global
	GlobalSection(SolutionConfigurationPlatforms) = preSolution
		Debug|Any CPU = Debug|Any CPU
		Release|Any CPU = Release|Any CPU
	EndGlobalSection
	GlobalSection(ProjectConfigurationPlatforms) = postSolution
		{D124DDEB-1151-4A28-AFE6-5C0036CBCE04}.Debug|Any CPU.ActiveCfg = Debug|Any CPU
		{D124DDEB-1151-4A28-AFE6-5C0036CBCE04}.Debug|Any CPU.Build.0 = Debug|Any CPU
		{D124DDEB-1151-4A28-AFE6-5C0036CBCE04}.Debug|Any CPU.Deploy.0 = Debug|Any CPU
		{D124DDEB-1151-4A28-AFE6-5C0036CBCE04}.Release|Any CPU.ActiveCfg = Release|Any CPU
		{D124DDEB-1151-4A28-AFE6-5C0036CBCE04}.Release|Any CPU.Build.0 = Release|Any CPU
		{D124DDEB-1151-4A28-AFE6-5C0036CBCE04}.Release|Any CPU.Deploy.0 = Release|Any CPU
		{5774F4C5-E13A-4EFC-BF0C-6E9BE4D0C5EB}.Debug|Any CPU.ActiveCfg = Debug|Any CPU
		{5774F4C5-E13A-4EFC-BF0C-6E9BE4D0C5EB}.Debug|Any CPU.Build.0 = Debug|Any CPU
		{5774F4C5-E13A-4EFC-BF0C-6E9BE4D0C5EB}.Release|Any CPU.ActiveCfg = Release|Any CPU
		{5774F4C5-E13A-4EFC-BF0C-6E9BE4D0C5EB}.Release|Any CPU.Build.0 = Release|Any CPU
	EndGlobalSection
	GlobalSection(SolutionProperties) = preSolution
		HideSolutionNode = FALSE
	EndGlobalSection
EndGlobal
